
Microsoft Visual Studio Solution File, Format Version 12.00
# Visual Studio Version 17
VisualStudioVersion = 17.14.36511.14
MinimumVisualStudioVersion = 10.0.40219.1
Project("{2150E333-8FDC-42A3-9474-1A3956D46DE8}") = "Class projects", "Class projects", "{7A4C05E0-4FF7-B8EC-2124-E708496D3B03}"
EndProject
Project("{FAE04EC0-301F-11D3-BF4B-00C04F79EFBC}") = "SpectreConsoleLibrary", "SpectreConsoleLibrary\SpectreConsoleLibrary.csproj", "{7BD0869D-E986-E050-906F-38F3668DFD88}"
EndProject
Project("{FAE04EC0-301F-11D3-BF4B-00C04F79EFBC}") = "CommonHelpersLibrary", "CommonHelpersLibrary\CommonHelpersLibrary.csproj", "{D9FA3FA3-2B8F-DE71-1200-D75B80C6D245}"
EndProject
Project("{FAE04EC0-301F-11D3-BF4B-00C04F79EFBC}") = "InterfaceExamples", "InterfaceExamples\InterfaceExamples.csproj", "{0940B9BD-053C-4718-94B3-B836BCE043AA}"
EndProject
Project("{FAE04EC0-301F-11D3-BF4B-00C04F79EFBC}") = "ByRefExamples", "ByRefExamples\ByRefExamples.csproj", "{D5716489-DD56-4300-84B8-070D5A9C234D}"
EndProject
Project("{FAE04EC0-301F-11D3-BF4B-00C04F79EFBC}") = "BasicObjectsExamples", "BasicObjectsExamples\BasicObjectsExamples.csproj", "{A7850610-2501-4F29-B2DE-25E2A4099345}"
EndProject
Project("{FAE04EC0-301F-11D3-BF4B-00C04F79EFBC}") = "NorthWind2024LocalLibrary", "NorthWind2024LocalLibrary\NorthWind2024LocalLibrary.csproj", "{34489372-40AF-4EE5-BA4C-3BFF18231A79}"
EndProject
Project("{2150E333-8FDC-42A3-9474-1A3956D46DE8}") = "Web examples", "Web examples", "{82F32EE1-5325-6666-F75B-4EDBFC52FD92}"
EndProject
Project("{FAE04EC0-301F-11D3-BF4B-00C04F79EFBC}") = "WebApplication1", "WebApplication1\WebApplication1.csproj", "{C3B6682A-8159-4E0A-A5A1-D6F0C8EF2E52}"
EndProject
Project("{2150E333-8FDC-42A3-9474-1A3956D46DE8}") = "Solution Items", "Solution Items", "{089100B1-113F-4E66-888A-E83F3999EAFD}"
	ProjectSection(SolutionItems) = preProject
		.editorconfig = .editorconfig
		MyNotes.md = MyNotes.md
		readme.md = readme.md
		useful.md = useful.md
	EndProjectSection
EndProject
Project("{FAE04EC0-301F-11D3-BF4B-00C04F79EFBC}") = "EntityFrameworkLibrary", "EntityFrameworkLibrary\EntityFrameworkLibrary.csproj", "{AED0B18A-7E76-47C6-AF36-79907E11B2DE}"
EndProject
Project("{2150E333-8FDC-42A3-9474-1A3956D46DE8}") = "Console projects", "Console projects", "{9D6C0E72-28F9-ACA9-75EC-2FE7E821B664}"
EndProject
Project("{FAE04EC0-301F-11D3-BF4B-00C04F79EFBC}") = "AspCoreHelperLibrary", "AspCoreHelperLibrary\AspCoreHelperLibrary.csproj", "{E9E0011D-4AA5-4B7B-A3C6-392B5DEA227B}"
EndProject
Project("{FAE04EC0-301F-11D3-BF4B-00C04F79EFBC}") = "ExperimentsApp", "ExperimentsApp\ExperimentsApp.csproj", "{65C01160-BD14-4C90-838C-73898CF7D39A}"
EndProject
Project("{2150E333-8FDC-42A3-9474-1A3956D46DE8}") = "Not ASP.NET Core", "Not ASP.NET Core", "{3588ACDD-3F02-A08B-F78E-3577485DAF72}"
EndProject
Project("{E24C65DC-7377-472B-9ABA-BC803B73C61A}") = "BasicsSamples", "BasicsSamples\", "{CC42015B-FA05-750B-79B2-500FC73301A5}"
	ProjectSection(WebsiteProperties) = preProject
		TargetFrameworkMoniker = ".NETFramework,Version%3Dv4.7.2"
		Debug.AspNetCompiler.VirtualPath = "/localhost_61044"
		Debug.AspNetCompiler.PhysicalPath = "BasicsSamples\"
		Debug.AspNetCompiler.TargetPath = "PrecompiledWeb\localhost_61044\"
		Debug.AspNetCompiler.Updateable = "true"
		Debug.AspNetCompiler.ForceOverwrite = "true"
		Debug.AspNetCompiler.FixedNames = "false"
		Debug.AspNetCompiler.Debug = "True"
		Release.AspNetCompiler.VirtualPath = "/localhost_61044"
		Release.AspNetCompiler.PhysicalPath = "BasicsSamples\"
		Release.AspNetCompiler.TargetPath = "PrecompiledWeb\localhost_61044\"
		Release.AspNetCompiler.Updateable = "true"
		Release.AspNetCompiler.ForceOverwrite = "true"
		Release.AspNetCompiler.FixedNames = "false"
		Release.AspNetCompiler.Debug = "False"
		VWDPort = "61044"
		SlnRelativePath = "BasicsSamples\"
		DefaultWebSiteLanguage = "Visual Basic"
	EndProjectSection
EndProject
Project("{2150E333-8FDC-42A3-9474-1A3956D46DE8}") = "Working with objects", "Working with objects", "{A301630D-8850-66D6-B95E-512C9000D1CE}"
EndProject
Project("{FAE04EC0-301F-11D3-BF4B-00C04F79EFBC}") = "EnumHasConversionDapper", "EnumHasConversionDapper\EnumHasConversionDapper.csproj", "{2D903D1D-88DC-C17A-D01D-A3996E4651BA}"
EndProject
Project("{FAE04EC0-301F-11D3-BF4B-00C04F79EFBC}") = "EnumHasConversion", "enum-has-conversion\EnumHasConversion.csproj", "{AF792ADF-FD0C-1523-8097-A75D152B06BE}"
EndProject
Project("{FAE04EC0-301F-11D3-BF4B-00C04F79EFBC}") = "PayneServiceLibrary", "PayneServiceLibrary\PayneServiceLibrary.csproj", "{293C3D8B-C190-F0B3-9A20-6D91835D87FB}"
EndProject
Project("{2150E333-8FDC-42A3-9474-1A3956D46DE8}") = "Working with SQL Server", "Working with SQL Server", "{109D9969-E038-07E8-8519-F000003837A0}"
	ProjectSection(SolutionItems) = preProject
		about.md = about.md
	EndProjectSection
EndProject
Project("{FAE04EC0-301F-11D3-BF4B-00C04F79EFBC}") = "SamplesApp", "SamplesApp\SamplesApp.csproj", "{0FC4184A-0403-475E-A6C1-86AAE714CC4F}"
EndProject
Project("{2150E333-8FDC-42A3-9474-1A3956D46DE8}") = "EF Core Interceptors", "EF Core Interceptors", "{840DE3BF-E249-8920-A6DA-AD9AD585ADDA}"
EndProject
Project("{FAE04EC0-301F-11D3-BF4B-00C04F79EFBC}") = "DbCommandInterceptorApp1", "DbCommandInterceptorApp1\DbCommandInterceptorApp1.csproj", "{6AD772FF-E5CD-2684-0C0B-A0524A159AB3}"
EndProject
Project("{FAE04EC0-301F-11D3-BF4B-00C04F79EFBC}") = "DbCommandInterceptorLibrary", "DbCommandInterceptorLibrary\DbCommandInterceptorLibrary.csproj", "{5D03A378-3996-4629-8C55-8DE1698349D7}"
EndProject
Project("{FAE04EC0-301F-11D3-BF4B-00C04F79EFBC}") = "BogusLibrary", "BogusLibrary\BogusLibrary.csproj", "{3F4C6849-D720-4470-8BCA-0DF67F2A2881}"
EndProject
Project("{FAE04EC0-301F-11D3-BF4B-00C04F79EFBC}") = "ConsoleApp1", "ConsoleApp1\ConsoleApp1.csproj", "{AC31F554-DB2D-4FBB-983D-592A251F879E}"
EndProject
Project("{E24C65DC-7377-472B-9ABA-BC803B73C61A}") = "SampleTrees", "SampleTrees\", "{5D698108-5BDD-FA54-C7B3-D372036BE3C5}"
	ProjectSection(WebsiteProperties) = preProject
		TargetFrameworkMoniker = ".NETFramework,Version%3Dv4.7.2"
		Debug.AspNetCompiler.VirtualPath = "/localhost_51457"
		Debug.AspNetCompiler.PhysicalPath = "SampleTrees\"
		Debug.AspNetCompiler.TargetPath = "PrecompiledWeb\localhost_51457\"
		Debug.AspNetCompiler.Updateable = "true"
		Debug.AspNetCompiler.ForceOverwrite = "true"
		Debug.AspNetCompiler.FixedNames = "false"
		Debug.AspNetCompiler.Debug = "True"
		Release.AspNetCompiler.VirtualPath = "/localhost_51457"
		Release.AspNetCompiler.PhysicalPath = "SampleTrees\"
		Release.AspNetCompiler.TargetPath = "PrecompiledWeb\localhost_51457\"
		Release.AspNetCompiler.Updateable = "true"
		Release.AspNetCompiler.ForceOverwrite = "true"
		Release.AspNetCompiler.FixedNames = "false"
		Release.AspNetCompiler.Debug = "False"
		VWDPort = "51457"
		SlnRelativePath = "SampleTrees\"
		DefaultWebSiteLanguage = "Visual Basic"
	EndProjectSection
EndProject
Project("{2150E333-8FDC-42A3-9474-1A3956D46DE8}") = "Asynchronous", "Asynchronous", "{557E87EB-119E-AD28-5F9F-664D16CE5F67}"
EndProject
Project("{FAE04EC0-301F-11D3-BF4B-00C04F79EFBC}") = "AsynchronousExamples", "AsynchronousExamples\AsynchronousExamples.csproj", "{C91A9575-1816-407C-AE5E-10C67B2F22DE}"
EndProject
Project("{2150E333-8FDC-42A3-9474-1A3956D46DE8}") = "Menues", "Menues", "{80D44862-7B46-0104-D5B8-BA2E0ECF7139}"
EndProject
Project("{FAE04EC0-301F-11D3-BF4B-00C04F79EFBC}") = "MenuSampleApp", "MenuSampleApp\MenuSampleApp.csproj", "{A049282B-E507-4DE6-98D2-1FAF802BF5E3}"
EndProject
Project("{FAE04EC0-301F-11D3-BF4B-00C04F79EFBC}") = "MenuImageSampleApp", "MenuImageSampleApp\MenuImageSampleApp.csproj", "{B7C8A3D0-0453-4F77-AB4E-2788D16B41F0}"
EndProject
Global
	GlobalSection(SolutionConfigurationPlatforms) = preSolution
		Debug|Any CPU = Debug|Any CPU
		Release|Any CPU = Release|Any CPU
	EndGlobalSection
	GlobalSection(ProjectConfigurationPlatforms) = postSolution
		{7BD0869D-E986-E050-906F-38F3668DFD88}.Debug|Any CPU.ActiveCfg = Debug|Any CPU
		{7BD0869D-E986-E050-906F-38F3668DFD88}.Debug|Any CPU.Build.0 = Debug|Any CPU
		{7BD0869D-E986-E050-906F-38F3668DFD88}.Release|Any CPU.ActiveCfg = Release|Any CPU
		{7BD0869D-E986-E050-906F-38F3668DFD88}.Release|Any CPU.Build.0 = Release|Any CPU
		{D9FA3FA3-2B8F-DE71-1200-D75B80C6D245}.Debug|Any CPU.ActiveCfg = Debug|Any CPU
		{D9FA3FA3-2B8F-DE71-1200-D75B80C6D245}.Debug|Any CPU.Build.0 = Debug|Any CPU
		{D9FA3FA3-2B8F-DE71-1200-D75B80C6D245}.Release|Any CPU.ActiveCfg = Release|Any CPU
		{D9FA3FA3-2B8F-DE71-1200-D75B80C6D245}.Release|Any CPU.Build.0 = Release|Any CPU
		{0940B9BD-053C-4718-94B3-B836BCE043AA}.Debug|Any CPU.ActiveCfg = Debug|Any CPU
		{0940B9BD-053C-4718-94B3-B836BCE043AA}.Debug|Any CPU.Build.0 = Debug|Any CPU
		{0940B9BD-053C-4718-94B3-B836BCE043AA}.Release|Any CPU.ActiveCfg = Release|Any CPU
		{0940B9BD-053C-4718-94B3-B836BCE043AA}.Release|Any CPU.Build.0 = Release|Any CPU
		{D5716489-DD56-4300-84B8-070D5A9C234D}.Debug|Any CPU.ActiveCfg = Debug|Any CPU
		{D5716489-DD56-4300-84B8-070D5A9C234D}.Debug|Any CPU.Build.0 = Debug|Any CPU
		{D5716489-DD56-4300-84B8-070D5A9C234D}.Release|Any CPU.ActiveCfg = Release|Any CPU
		{D5716489-DD56-4300-84B8-070D5A9C234D}.Release|Any CPU.Build.0 = Release|Any CPU
		{A7850610-2501-4F29-B2DE-25E2A4099345}.Debug|Any CPU.ActiveCfg = Debug|Any CPU
		{A7850610-2501-4F29-B2DE-25E2A4099345}.Debug|Any CPU.Build.0 = Debug|Any CPU
		{A7850610-2501-4F29-B2DE-25E2A4099345}.Release|Any CPU.ActiveCfg = Release|Any CPU
		{A7850610-2501-4F29-B2DE-25E2A4099345}.Release|Any CPU.Build.0 = Release|Any CPU
		{34489372-40AF-4EE5-BA4C-3BFF18231A79}.Debug|Any CPU.ActiveCfg = Debug|Any CPU
		{34489372-40AF-4EE5-BA4C-3BFF18231A79}.Debug|Any CPU.Build.0 = Debug|Any CPU
		{34489372-40AF-4EE5-BA4C-3BFF18231A79}.Release|Any CPU.ActiveCfg = Release|Any CPU
		{34489372-40AF-4EE5-BA4C-3BFF18231A79}.Release|Any CPU.Build.0 = Release|Any CPU
		{C3B6682A-8159-4E0A-A5A1-D6F0C8EF2E52}.Debug|Any CPU.ActiveCfg = Debug|Any CPU
		{C3B6682A-8159-4E0A-A5A1-D6F0C8EF2E52}.Debug|Any CPU.Build.0 = Debug|Any CPU
		{C3B6682A-8159-4E0A-A5A1-D6F0C8EF2E52}.Release|Any CPU.ActiveCfg = Release|Any CPU
		{C3B6682A-8159-4E0A-A5A1-D6F0C8EF2E52}.Release|Any CPU.Build.0 = Release|Any CPU
		{AED0B18A-7E76-47C6-AF36-79907E11B2DE}.Debug|Any CPU.ActiveCfg = Debug|Any CPU
		{AED0B18A-7E76-47C6-AF36-79907E11B2DE}.Debug|Any CPU.Build.0 = Debug|Any CPU
		{AED0B18A-7E76-47C6-AF36-79907E11B2DE}.Release|Any CPU.ActiveCfg = Release|Any CPU
		{AED0B18A-7E76-47C6-AF36-79907E11B2DE}.Release|Any CPU.Build.0 = Release|Any CPU
		{E9E0011D-4AA5-4B7B-A3C6-392B5DEA227B}.Debug|Any CPU.ActiveCfg = Debug|Any CPU
		{E9E0011D-4AA5-4B7B-A3C6-392B5DEA227B}.Debug|Any CPU.Build.0 = Debug|Any CPU
		{E9E0011D-4AA5-4B7B-A3C6-392B5DEA227B}.Release|Any CPU.ActiveCfg = Release|Any CPU
		{E9E0011D-4AA5-4B7B-A3C6-392B5DEA227B}.Release|Any CPU.Build.0 = Release|Any CPU
		{65C01160-BD14-4C90-838C-73898CF7D39A}.Debug|Any CPU.ActiveCfg = Debug|Any CPU
		{65C01160-BD14-4C90-838C-73898CF7D39A}.Debug|Any CPU.Build.0 = Debug|Any CPU
		{65C01160-BD14-4C90-838C-73898CF7D39A}.Release|Any CPU.ActiveCfg = Release|Any CPU
		{65C01160-BD14-4C90-838C-73898CF7D39A}.Release|Any CPU.Build.0 = Release|Any CPU
		{CC42015B-FA05-750B-79B2-500FC73301A5}.Debug|Any CPU.ActiveCfg = Debug|Any CPU
		{CC42015B-FA05-750B-79B2-500FC73301A5}.Debug|Any CPU.Build.0 = Debug|Any CPU
		{CC42015B-FA05-750B-79B2-500FC73301A5}.Release|Any CPU.ActiveCfg = Debug|Any CPU
		{CC42015B-FA05-750B-79B2-500FC73301A5}.Release|Any CPU.Build.0 = Debug|Any CPU
		{2D903D1D-88DC-C17A-D01D-A3996E4651BA}.Debug|Any CPU.ActiveCfg = Debug|Any CPU
		{2D903D1D-88DC-C17A-D01D-A3996E4651BA}.Debug|Any CPU.Build.0 = Debug|Any CPU
		{2D903D1D-88DC-C17A-D01D-A3996E4651BA}.Release|Any CPU.ActiveCfg = Release|Any CPU
		{2D903D1D-88DC-C17A-D01D-A3996E4651BA}.Release|Any CPU.Build.0 = Release|Any CPU
		{AF792ADF-FD0C-1523-8097-A75D152B06BE}.Debug|Any CPU.ActiveCfg = Debug|Any CPU
		{AF792ADF-FD0C-1523-8097-A75D152B06BE}.Debug|Any CPU.Build.0 = Debug|Any CPU
		{AF792ADF-FD0C-1523-8097-A75D152B06BE}.Release|Any CPU.ActiveCfg = Release|Any CPU
		{AF792ADF-FD0C-1523-8097-A75D152B06BE}.Release|Any CPU.Build.0 = Release|Any CPU
		{293C3D8B-C190-F0B3-9A20-6D91835D87FB}.Debug|Any CPU.ActiveCfg = Debug|Any CPU
		{293C3D8B-C190-F0B3-9A20-6D91835D87FB}.Debug|Any CPU.Build.0 = Debug|Any CPU
		{293C3D8B-C190-F0B3-9A20-6D91835D87FB}.Release|Any CPU.ActiveCfg = Release|Any CPU
		{293C3D8B-C190-F0B3-9A20-6D91835D87FB}.Release|Any CPU.Build.0 = Release|Any CPU
		{0FC4184A-0403-475E-A6C1-86AAE714CC4F}.Debug|Any CPU.ActiveCfg = Debug|Any CPU
		{0FC4184A-0403-475E-A6C1-86AAE714CC4F}.Debug|Any CPU.Build.0 = Debug|Any CPU
		{0FC4184A-0403-475E-A6C1-86AAE714CC4F}.Release|Any CPU.ActiveCfg = Release|Any CPU
		{0FC4184A-0403-475E-A6C1-86AAE714CC4F}.Release|Any CPU.Build.0 = Release|Any CPU
		{6AD772FF-E5CD-2684-0C0B-A0524A159AB3}.Debug|Any CPU.ActiveCfg = Debug|Any CPU
		{6AD772FF-E5CD-2684-0C0B-A0524A159AB3}.Debug|Any CPU.Build.0 = Debug|Any CPU
		{6AD772FF-E5CD-2684-0C0B-A0524A159AB3}.Release|Any CPU.ActiveCfg = Release|Any CPU
		{6AD772FF-E5CD-2684-0C0B-A0524A159AB3}.Release|Any CPU.Build.0 = Release|Any CPU
		{5D03A378-3996-4629-8C55-8DE1698349D7}.Debug|Any CPU.ActiveCfg = Debug|Any CPU
		{5D03A378-3996-4629-8C55-8DE1698349D7}.Debug|Any CPU.Build.0 = Debug|Any CPU
		{5D03A378-3996-4629-8C55-8DE1698349D7}.Release|Any CPU.ActiveCfg = Release|Any CPU
		{5D03A378-3996-4629-8C55-8DE1698349D7}.Release|Any CPU.Build.0 = Release|Any CPU
		{3F4C6849-D720-4470-8BCA-0DF67F2A2881}.Debug|Any CPU.ActiveCfg = Debug|Any CPU
		{3F4C6849-D720-4470-8BCA-0DF67F2A2881}.Debug|Any CPU.Build.0 = Debug|Any CPU
		{3F4C6849-D720-4470-8BCA-0DF67F2A2881}.Release|Any CPU.ActiveCfg = Release|Any CPU
		{3F4C6849-D720-4470-8BCA-0DF67F2A2881}.Release|Any CPU.Build.0 = Release|Any CPU
		{AC31F554-DB2D-4FBB-983D-592A251F879E}.Debug|Any CPU.ActiveCfg = Debug|Any CPU
		{AC31F554-DB2D-4FBB-983D-592A251F879E}.Debug|Any CPU.Build.0 = Debug|Any CPU
		{AC31F554-DB2D-4FBB-983D-592A251F879E}.Release|Any CPU.ActiveCfg = Release|Any CPU
		{AC31F554-DB2D-4FBB-983D-592A251F879E}.Release|Any CPU.Build.0 = Release|Any CPU
		{5D698108-5BDD-FA54-C7B3-D372036BE3C5}.Debug|Any CPU.ActiveCfg = Debug|Any CPU
		{5D698108-5BDD-FA54-C7B3-D372036BE3C5}.Debug|Any CPU.Build.0 = Debug|Any CPU
		{5D698108-5BDD-FA54-C7B3-D372036BE3C5}.Release|Any CPU.ActiveCfg = Debug|Any CPU
		{5D698108-5BDD-FA54-C7B3-D372036BE3C5}.Release|Any CPU.Build.0 = Debug|Any CPU
		{C91A9575-1816-407C-AE5E-10C67B2F22DE}.Debug|Any CPU.ActiveCfg = Debug|Any CPU
		{C91A9575-1816-407C-AE5E-10C67B2F22DE}.Debug|Any CPU.Build.0 = Debug|Any CPU
		{C91A9575-1816-407C-AE5E-10C67B2F22DE}.Release|Any CPU.ActiveCfg = Release|Any CPU
		{C91A9575-1816-407C-AE5E-10C67B2F22DE}.Release|Any CPU.Build.0 = Release|Any CPU
		{A049282B-E507-4DE6-98D2-1FAF802BF5E3}.Debug|Any CPU.ActiveCfg = Debug|Any CPU
		{A049282B-E507-4DE6-98D2-1FAF802BF5E3}.Debug|Any CPU.Build.0 = Debug|Any CPU
		{A049282B-E507-4DE6-98D2-1FAF802BF5E3}.Release|Any CPU.ActiveCfg = Release|Any CPU
		{A049282B-E507-4DE6-98D2-1FAF802BF5E3}.Release|Any CPU.Build.0 = Release|Any CPU
		{B7C8A3D0-0453-4F77-AB4E-2788D16B41F0}.Debug|Any CPU.ActiveCfg = Debug|Any CPU
		{B7C8A3D0-0453-4F77-AB4E-2788D16B41F0}.Debug|Any CPU.Build.0 = Debug|Any CPU
		{B7C8A3D0-0453-4F77-AB4E-2788D16B41F0}.Release|Any CPU.ActiveCfg = Release|Any CPU
		{B7C8A3D0-0453-4F77-AB4E-2788D16B41F0}.Release|Any CPU.Build.0 = Release|Any CPU
	EndGlobalSection
	GlobalSection(SolutionProperties) = preSolution
		HideSolutionNode = FALSE
	EndGlobalSection
	GlobalSection(NestedProjects) = preSolution
		{7BD0869D-E986-E050-906F-38F3668DFD88} = {7A4C05E0-4FF7-B8EC-2124-E708496D3B03}
		{D9FA3FA3-2B8F-DE71-1200-D75B80C6D245} = {7A4C05E0-4FF7-B8EC-2124-E708496D3B03}
		{0940B9BD-053C-4718-94B3-B836BCE043AA} = {9D6C0E72-28F9-ACA9-75EC-2FE7E821B664}
		{D5716489-DD56-4300-84B8-070D5A9C234D} = {9D6C0E72-28F9-ACA9-75EC-2FE7E821B664}
		{A7850610-2501-4F29-B2DE-25E2A4099345} = {A301630D-8850-66D6-B95E-512C9000D1CE}
		{34489372-40AF-4EE5-BA4C-3BFF18231A79} = {7A4C05E0-4FF7-B8EC-2124-E708496D3B03}
		{C3B6682A-8159-4E0A-A5A1-D6F0C8EF2E52} = {82F32EE1-5325-6666-F75B-4EDBFC52FD92}
		{AED0B18A-7E76-47C6-AF36-79907E11B2DE} = {7A4C05E0-4FF7-B8EC-2124-E708496D3B03}
		{E9E0011D-4AA5-4B7B-A3C6-392B5DEA227B} = {7A4C05E0-4FF7-B8EC-2124-E708496D3B03}
		{65C01160-BD14-4C90-838C-73898CF7D39A} = {9D6C0E72-28F9-ACA9-75EC-2FE7E821B664}
		{3588ACDD-3F02-A08B-F78E-3577485DAF72} = {82F32EE1-5325-6666-F75B-4EDBFC52FD92}
		{CC42015B-FA05-750B-79B2-500FC73301A5} = {3588ACDD-3F02-A08B-F78E-3577485DAF72}
		{A301630D-8850-66D6-B95E-512C9000D1CE} = {9D6C0E72-28F9-ACA9-75EC-2FE7E821B664}
		{2D903D1D-88DC-C17A-D01D-A3996E4651BA} = {109D9969-E038-07E8-8519-F000003837A0}
		{AF792ADF-FD0C-1523-8097-A75D152B06BE} = {109D9969-E038-07E8-8519-F000003837A0}
		{293C3D8B-C190-F0B3-9A20-6D91835D87FB} = {7A4C05E0-4FF7-B8EC-2124-E708496D3B03}
		{109D9969-E038-07E8-8519-F000003837A0} = {A301630D-8850-66D6-B95E-512C9000D1CE}
		{0FC4184A-0403-475E-A6C1-86AAE714CC4F} = {9D6C0E72-28F9-ACA9-75EC-2FE7E821B664}
		{840DE3BF-E249-8920-A6DA-AD9AD585ADDA} = {9D6C0E72-28F9-ACA9-75EC-2FE7E821B664}
		{6AD772FF-E5CD-2684-0C0B-A0524A159AB3} = {840DE3BF-E249-8920-A6DA-AD9AD585ADDA}
		{5D03A378-3996-4629-8C55-8DE1698349D7} = {840DE3BF-E249-8920-A6DA-AD9AD585ADDA}
		{3F4C6849-D720-4470-8BCA-0DF67F2A2881} = {7A4C05E0-4FF7-B8EC-2124-E708496D3B03}
		{AC31F554-DB2D-4FBB-983D-592A251F879E} = {9D6C0E72-28F9-ACA9-75EC-2FE7E821B664}
		{5D698108-5BDD-FA54-C7B3-D372036BE3C5} = {3588ACDD-3F02-A08B-F78E-3577485DAF72}
		{557E87EB-119E-AD28-5F9F-664D16CE5F67} = {9D6C0E72-28F9-ACA9-75EC-2FE7E821B664}
		{C91A9575-1816-407C-AE5E-10C67B2F22DE} = {557E87EB-119E-AD28-5F9F-664D16CE5F67}
		{80D44862-7B46-0104-D5B8-BA2E0ECF7139} = {9D6C0E72-28F9-ACA9-75EC-2FE7E821B664}
		{A049282B-E507-4DE6-98D2-1FAF802BF5E3} = {80D44862-7B46-0104-D5B8-BA2E0ECF7139}
		{B7C8A3D0-0453-4F77-AB4E-2788D16B41F0} = {80D44862-7B46-0104-D5B8-BA2E0ECF7139}
	EndGlobalSection
	GlobalSection(ExtensibilityGlobals) = postSolution
		SolutionGuid = {92F76479-8CB2-47A3-83B6-C6A1BEB1D29D}
	EndGlobalSection
EndGlobal
